
Microsoft Visual Studio Solution File, Format Version 12.00
# Visual Studio Version 17
VisualStudioVersion = 17.1.32421.90
MinimumVisualStudioVersion = 10.0.40219.1
Project("{FAE04EC0-301F-11D3-BF4B-00C04F79EFBC}") = "BlogSiteProject", "BlogSiteProject\BlogSiteProject.csproj", "{1200D332-8CF4-4674-9180-9FE61DB1A238}"
EndProject
Global
	GlobalSection(SolutionConfigurationPlatforms) = preSolution
		Debug|Any CPU = Debug|Any CPU
		Release|Any CPU = Release|Any CPU
	EndGlobalSection
	GlobalSection(ProjectConfigurationPlatforms) = postSolution
		{1200D332-8CF4-4674-9180-9FE61DB1A238}.Debug|Any CPU.ActiveCfg = Debug|Any CPU
		{1200D332-8CF4-4674-9180-9FE61DB1A238}.Debug|Any CPU.Build.0 = Debug|Any CPU
		{1200D332-8CF4-4674-9180-9FE61DB1A238}.Release|Any CPU.ActiveCfg = Release|Any CPU
		{1200D332-8CF4-4674-9180-9FE61DB1A238}.Release|Any CPU.Build.0 = Release|Any CPU
	EndGlobalSection
	GlobalSection(SolutionProperties) = preSolution
		HideSolutionNode = FALSE
	EndGlobalSection
	GlobalSection(ExtensibilityGlobals) = postSolution
		SolutionGuid = {7DCA51BC-D334-49F3-A4A3-094D49306BDD}
	EndGlobalSection
EndGlobal
